
Microsoft Visual Studio Solution File, Format Version 12.00
# Visual Studio Version 16
VisualStudioVersion = 16.0.30204.135
MinimumVisualStudioVersion = 10.0.40219.1
Project("{FAE04EC0-301F-11D3-BF4B-00C04F79EFBC}") = "BlueBank-Apis", "BlueBank-Apis\BlueBank-Apis.csproj", "{71381D6C-D707-49F9-BFA7-7446A6BD2340}"
EndProject
Global
	GlobalSection(SolutionConfigurationPlatforms) = preSolution
		Debug|Any CPU = Debug|Any CPU
		Release|Any CPU = Release|Any CPU
	EndGlobalSection
	GlobalSection(ProjectConfigurationPlatforms) = postSolution
		{71381D6C-D707-49F9-BFA7-7446A6BD2340}.Debug|Any CPU.ActiveCfg = Debug|Any CPU
		{71381D6C-D707-49F9-BFA7-7446A6BD2340}.Debug|Any CPU.Build.0 = Debug|Any CPU
		{71381D6C-D707-49F9-BFA7-7446A6BD2340}.Release|Any CPU.ActiveCfg = Release|Any CPU
		{71381D6C-D707-49F9-BFA7-7446A6BD2340}.Release|Any CPU.Build.0 = Release|Any CPU
	EndGlobalSection
	GlobalSection(SolutionProperties) = preSolution
		HideSolutionNode = FALSE
	EndGlobalSection
	GlobalSection(ExtensibilityGlobals) = postSolution
		SolutionGuid = {AA5F45BD-03DF-44D7-8180-83A6E3197E03}
	EndGlobalSection
EndGlobal
